
Microsoft Visual Studio Solution File, Format Version 12.00
# Visual Studio Version 17
VisualStudioVersion = 17.9.34622.214
MinimumVisualStudioVersion = 10.0.40219.1
Project("{FAE04EC0-301F-11D3-BF4B-00C04F79EFBC}") = "CaseStudy", "CaseStudy\CaseStudy.csproj", "{563F0C85-2276-4E46-A679-2474EC3135F0}"
EndProject
Project("{FAE04EC0-301F-11D3-BF4B-00C04F79EFBC}") = "CaseStudyApp.nUnitTests", "CaseStudyApp.nUnitTests\CaseStudyApp.nUnitTests.csproj", "{45462348-61BE-46A4-A452-5491F9346C3E}"
EndProject
Global
	GlobalSection(SolutionConfigurationPlatforms) = preSolution
		Debug|Any CPU = Debug|Any CPU
		Release|Any CPU = Release|Any CPU
	EndGlobalSection
	GlobalSection(ProjectConfigurationPlatforms) = postSolution
		{563F0C85-2276-4E46-A679-2474EC3135F0}.Debug|Any CPU.ActiveCfg = Debug|Any CPU
		{563F0C85-2276-4E46-A679-2474EC3135F0}.Debug|Any CPU.Build.0 = Debug|Any CPU
		{563F0C85-2276-4E46-A679-2474EC3135F0}.Release|Any CPU.ActiveCfg = Release|Any CPU
		{563F0C85-2276-4E46-A679-2474EC3135F0}.Release|Any CPU.Build.0 = Release|Any CPU
		{45462348-61BE-46A4-A452-5491F9346C3E}.Debug|Any CPU.ActiveCfg = Debug|Any CPU
		{45462348-61BE-46A4-A452-5491F9346C3E}.Debug|Any CPU.Build.0 = Debug|Any CPU
		{45462348-61BE-46A4-A452-5491F9346C3E}.Release|Any CPU.ActiveCfg = Release|Any CPU
		{45462348-61BE-46A4-A452-5491F9346C3E}.Release|Any CPU.Build.0 = Release|Any CPU
	EndGlobalSection
	GlobalSection(SolutionProperties) = preSolution
		HideSolutionNode = FALSE
	EndGlobalSection
	GlobalSection(ExtensibilityGlobals) = postSolution
		SolutionGuid = {32D99B96-F822-4136-B32B-96A7632789ED}
	EndGlobalSection
EndGlobal
